// !$*UTF8*$!
{
	archiveVersion = 1;
	classes = {
	};
	objectVersion = 46;
	objects = {

/* Begin PBXBuildFile section */
		650F0B091465EC0900978029 /* MountainMapView.xib in Resources */ = {isa = PBXBuildFile; fileRef = 650F0B081465EC0900978029 /* MountainMapView.xib */; };
		650F0B0D1465EC8C00978029 /* MountainMapViewController.m in Sources */ = {isa = PBXBuildFile; fileRef = 650F0B0C1465EC8C00978029 /* MountainMapViewController.m */; };
		650F0B1B1465FB0200978029 /* Blue_Map_Pin_small.png in Resources */ = {isa = PBXBuildFile; fileRef = 650F0B1A1465FB0200978029 /* Blue_Map_Pin_small.png */; };
		650F0B1E1465FB4800978029 /* Sky_Islands_Trip.png in Resources */ = {isa = PBXBuildFile; fileRef = 650F0B1D1465FB4800978029 /* Sky_Islands_Trip.png */; };
		659ABFDE147B71B000DE5485 /* NSData+Base64.m in Sources */ = {isa = PBXBuildFile; fileRef = 659ABFDD147B71B000DE5485 /* NSData+Base64.m */; };
		659ABFE1147B720400DE5485 /* JSONKit.m in Sources */ = {isa = PBXBuildFile; fileRef = 659ABFE0147B720400DE5485 /* JSONKit.m */; };
		65A55D67146F13A000117BBC /* BearCanyonView.xib in Resources */ = {isa = PBXBuildFile; fileRef = 65A55D66146F13A000117BBC /* BearCanyonView.xib */; };
		65EDEAA91465CEB00009AC84 /* UIKit.framework in Frameworks */ = {isa = PBXBuildFile; fileRef = 65EDEAA81465CEB00009AC84 /* UIKit.framework */; };
		65EDEAAB1465CEB00009AC84 /* Foundation.framework in Frameworks */ = {isa = PBXBuildFile; fileRef = 65EDEAAA1465CEB00009AC84 /* Foundation.framework */; };
		65EDEAAD1465CEB00009AC84 /* CoreGraphics.framework in Frameworks */ = {isa = PBXBuildFile; fileRef = 65EDEAAC1465CEB00009AC84 /* CoreGraphics.framework */; };
		65EDEAB31465CEB00009AC84 /* InfoPlist.strings in Resources */ = {isa = PBXBuildFile; fileRef = 65EDEAB11465CEB00009AC84 /* InfoPlist.strings */; };
		65EDEAB51465CEB00009AC84 /* main.m in Sources */ = {isa = PBXBuildFile; fileRef = 65EDEAB41465CEB00009AC84 /* main.m */; };
		65EDEAB91465CEB00009AC84 /* MtlemmonAppDelegate.m in Sources */ = {isa = PBXBuildFile; fileRef = 65EDEAB81465CEB00009AC84 /* MtlemmonAppDelegate.m */; };
		65F77B3A1469C7B90034CF49 /* BearCanyonViewController.m in Sources */ = {isa = PBXBuildFile; fileRef = 65F77B391469C7B90034CF49 /* BearCanyonViewController.m */; };
		65F77B3E1469C7D20034CF49 /* InspirationRockViewController.m in Sources */ = {isa = PBXBuildFile; fileRef = 65F77B3D1469C7D20034CF49 /* InspirationRockViewController.m */; };
		65F77B411469C7E60034CF49 /* WindyPointViewController.m in Sources */ = {isa = PBXBuildFile; fileRef = 65F77B401469C7E60034CF49 /* WindyPointViewController.m */; };
		65F77B441469C8000034CF49 /* MolinoCanyonViewController.m in Sources */ = {isa = PBXBuildFile; fileRef = 65F77B431469C8000034CF49 /* MolinoCanyonViewController.m */; };
		B812F110147618B700115AC0 /* MainLogoTrans.png in Resources */ = {isa = PBXBuildFile; fileRef = B812F10F147618B700115AC0 /* MainLogoTrans.png */; };
		B82979F01477200A0015ADC7 /* fireButton.png in Resources */ = {isa = PBXBuildFile; fileRef = B82979EF1477200A0015ADC7 /* fireButton.png */; };
		B84AE691147218C600F5D0C7 /* LogoLarge.png in Resources */ = {isa = PBXBuildFile; fileRef = B84AE690147218C600F5D0C7 /* LogoLarge.png */; };
		B84AE693147218F100F5D0C7 /* LogoSmall.png in Resources */ = {isa = PBXBuildFile; fileRef = B84AE692147218F100F5D0C7 /* LogoSmall.png */; };
		B888EA801475C4990086C127 /* MainMenuViewController.m in Sources */ = {isa = PBXBuildFile; fileRef = B888EA7F1475C4990086C127 /* MainMenuViewController.m */; };
		B888EA831475C5E80086C127 /* MainMenuView.xib in Resources */ = {isa = PBXBuildFile; fileRef = B888EA821475C5E80086C127 /* MainMenuView.xib */; };
		B888EA891475D3FF0086C127 /* rockBg.png in Resources */ = {isa = PBXBuildFile; fileRef = B888EA881475D3FF0086C127 /* rockBg.png */; };
		B888EA8B1475D6250086C127 /* MainLogo.png in Resources */ = {isa = PBXBuildFile; fileRef = B888EA8A1475D6240086C127 /* MainLogo.png */; };
		B888EA911475D9030086C127 /* NSF_Logo.PNG in Resources */ = {isa = PBXBuildFile; fileRef = B888EA901475D9030086C127 /* NSF_Logo.PNG */; };
		B888EA931475DC400086C127 /* MainLogoW.png in Resources */ = {isa = PBXBuildFile; fileRef = B888EA921475DC3F0086C127 /* MainLogoW.png */; };
		B888EA961475DD530086C127 /* AboutViewController.m in Sources */ = {isa = PBXBuildFile; fileRef = B888EA951475DD530086C127 /* AboutViewController.m */; };
		B888EA981475DDD60086C127 /* AboutView.xib in Resources */ = {isa = PBXBuildFile; fileRef = B888EA971475DDD50086C127 /* AboutView.xib */; };
		B8A36AB41471D81300E654D1 /* Default.png in Resources */ = {isa = PBXBuildFile; fileRef = B8A36AB21471D81300E654D1 /* Default.png */; };
		B8A36AB51471D81300E654D1 /* Default@2x.png in Resources */ = {isa = PBXBuildFile; fileRef = B8A36AB31471D81300E654D1 /* Default@2x.png */; };
		B8D1C2941475A92A00C6CDC2 /* fire.png in Resources */ = {isa = PBXBuildFile; fileRef = B8D1C2921475A92A00C6CDC2 /* fire.png */; };
		B8D1C2951475A92A00C6CDC2 /* land.png in Resources */ = {isa = PBXBuildFile; fileRef = B8D1C2931475A92A00C6CDC2 /* land.png */; };
/* End PBXBuildFile section */

/* Begin PBXFileReference section */
		650F0B081465EC0900978029 /* MountainMapView.xib */ = {isa = PBXFileReference; fileEncoding = 4; lastKnownFileType = file.xib; path = MountainMapView.xib; sourceTree = "<group>"; };
		650F0B0B1465EC8C00978029 /* MountainMapViewController.h */ = {isa = PBXFileReference; fileEncoding = 4; lastKnownFileType = sourcecode.c.h; path = MountainMapViewController.h; sourceTree = "<group>"; };
		650F0B0C1465EC8C00978029 /* MountainMapViewController.m */ = {isa = PBXFileReference; fileEncoding = 4; lastKnownFileType = sourcecode.c.objc; path = MountainMapViewController.m; sourceTree = "<group>"; };
		650F0B1A1465FB0200978029 /* Blue_Map_Pin_small.png */ = {isa = PBXFileReference; lastKnownFileType = image.png; path = Blue_Map_Pin_small.png; sourceTree = "<group>"; };
		650F0B1D1465FB4800978029 /* Sky_Islands_Trip.png */ = {isa = PBXFileReference; lastKnownFileType = image.png; path = Sky_Islands_Trip.png; sourceTree = "<group>"; };
		659ABFDC147B71B000DE5485 /* NSData+Base64.h */ = {isa = PBXFileReference; fileEncoding = 4; lastKnownFileType = sourcecode.c.h; path = "NSData+Base64.h"; sourceTree = "<group>"; };
		659ABFDD147B71B000DE5485 /* NSData+Base64.m */ = {isa = PBXFileReference; fileEncoding = 4; lastKnownFileType = sourcecode.c.objc; path = "NSData+Base64.m"; sourceTree = "<group>"; };
		659ABFDF147B720400DE5485 /* JSONKit.h */ = {isa = PBXFileReference; fileEncoding = 4; lastKnownFileType = sourcecode.c.h; path = JSONKit.h; sourceTree = "<group>"; };
		659ABFE0147B720400DE5485 /* JSONKit.m */ = {isa = PBXFileReference; fileEncoding = 4; lastKnownFileType = sourcecode.c.objc; path = JSONKit.m; sourceTree = "<group>"; };
		65A55D66146F13A000117BBC /* BearCanyonView.xib */ = {isa = PBXFileReference; fileEncoding = 4; lastKnownFileType = file.xib; path = BearCanyonView.xib; sourceTree = "<group>"; };
		65EDEAA41465CEB00009AC84 /* mtlemmon_project.app */ = {isa = PBXFileReference; explicitFileType = wrapper.application; includeInIndex = 0; path = mtlemmon_project.app; sourceTree = BUILT_PRODUCTS_DIR; };
		65EDEAA81465CEB00009AC84 /* UIKit.framework */ = {isa = PBXFileReference; lastKnownFileType = wrapper.framework; name = UIKit.framework; path = System/Library/Frameworks/UIKit.framework; sourceTree = SDKROOT; };
		65EDEAAA1465CEB00009AC84 /* Foundation.framework */ = {isa = PBXFileReference; lastKnownFileType = wrapper.framework; name = Foundation.framework; path = System/Library/Frameworks/Foundation.framework; sourceTree = SDKROOT; };
		65EDEAAC1465CEB00009AC84 /* CoreGraphics.framework */ = {isa = PBXFileReference; lastKnownFileType = wrapper.framework; name = CoreGraphics.framework; path = System/Library/Frameworks/CoreGraphics.framework; sourceTree = SDKROOT; };
		65EDEAB01465CEB00009AC84 /* mtlemmon_project-Info.plist */ = {isa = PBXFileReference; lastKnownFileType = text.plist.xml; path = "mtlemmon_project-Info.plist"; sourceTree = "<group>"; };
		65EDEAB21465CEB00009AC84 /* en */ = {isa = PBXFileReference; lastKnownFileType = text.plist.strings; name = en; path = en.lproj/InfoPlist.strings; sourceTree = "<group>"; };
		65EDEAB41465CEB00009AC84 /* main.m */ = {isa = PBXFileReference; lastKnownFileType = sourcecode.c.objc; path = main.m; sourceTree = "<group>"; };
		65EDEAB61465CEB00009AC84 /* mtlemmon_project-Prefix.pch */ = {isa = PBXFileReference; lastKnownFileType = sourcecode.c.h; path = "mtlemmon_project-Prefix.pch"; sourceTree = "<group>"; };
		65EDEAB71465CEB00009AC84 /* MtlemmonAppDelegate.h */ = {isa = PBXFileReference; lastKnownFileType = sourcecode.c.h; path = MtlemmonAppDelegate.h; sourceTree = "<group>"; };
		65EDEAB81465CEB00009AC84 /* MtlemmonAppDelegate.m */ = {isa = PBXFileReference; lastKnownFileType = sourcecode.c.objc; path = MtlemmonAppDelegate.m; sourceTree = "<group>"; };
		65F77B381469C7B90034CF49 /* BearCanyonViewController.h */ = {isa = PBXFileReference; fileEncoding = 4; lastKnownFileType = sourcecode.c.h; path = BearCanyonViewController.h; sourceTree = "<group>"; };
		65F77B391469C7B90034CF49 /* BearCanyonViewController.m */ = {isa = PBXFileReference; fileEncoding = 4; lastKnownFileType = sourcecode.c.objc; path = BearCanyonViewController.m; sourceTree = "<group>"; };
		65F77B3C1469C7D20034CF49 /* InspirationRockViewController.h */ = {isa = PBXFileReference; fileEncoding = 4; lastKnownFileType = sourcecode.c.h; path = InspirationRockViewController.h; sourceTree = "<group>"; };
		65F77B3D1469C7D20034CF49 /* InspirationRockViewController.m */ = {isa = PBXFileReference; fileEncoding = 4; lastKnownFileType = sourcecode.c.objc; path = InspirationRockViewController.m; sourceTree = "<group>"; };
		65F77B3F1469C7E60034CF49 /* WindyPointViewController.h */ = {isa = PBXFileReference; fileEncoding = 4; lastKnownFileType = sourcecode.c.h; path = WindyPointViewController.h; sourceTree = "<group>"; };
		65F77B401469C7E60034CF49 /* WindyPointViewController.m */ = {isa = PBXFileReference; fileEncoding = 4; lastKnownFileType = sourcecode.c.objc; path = WindyPointViewController.m; sourceTree = "<group>"; };
		65F77B421469C7FF0034CF49 /* MolinoCanyonViewController.h */ = {isa = PBXFileReference; fileEncoding = 4; lastKnownFileType = sourcecode.c.h; path = MolinoCanyonViewController.h; sourceTree = "<group>"; };
		65F77B431469C8000034CF49 /* MolinoCanyonViewController.m */ = {isa = PBXFileReference; fileEncoding = 4; lastKnownFileType = sourcecode.c.objc; path = MolinoCanyonViewController.m; sourceTree = "<group>"; };
		B812F10F147618B700115AC0 /* MainLogoTrans.png */ = {isa = PBXFileReference; lastKnownFileType = image.png; path = MainLogoTrans.png; sourceTree = "<group>"; };
		B82979EF1477200A0015ADC7 /* fireButton.png */ = {isa = PBXFileReference; lastKnownFileType = image.png; path = fireButton.png; sourceTree = "<group>"; };
		B84AE690147218C600F5D0C7 /* LogoLarge.png */ = {isa = PBXFileReference; lastKnownFileType = image.png; name = LogoLarge.png; path = ../LogoLarge.png; sourceTree = "<group>"; };
		B84AE692147218F100F5D0C7 /* LogoSmall.png */ = {isa = PBXFileReference; lastKnownFileType = image.png; name = LogoSmall.png; path = ../LogoSmall.png; sourceTree = "<group>"; };
		B888EA7E1475C4990086C127 /* MainMenuViewController.h */ = {isa = PBXFileReference; fileEncoding = 4; lastKnownFileType = sourcecode.c.h; path = MainMenuViewController.h; sourceTree = "<group>"; };
		B888EA7F1475C4990086C127 /* MainMenuViewController.m */ = {isa = PBXFileReference; fileEncoding = 4; lastKnownFileType = sourcecode.c.objc; path = MainMenuViewController.m; sourceTree = "<group>"; };
		B888EA821475C5E80086C127 /* MainMenuView.xib */ = {isa = PBXFileReference; fileEncoding = 4; lastKnownFileType = file.xib; path = MainMenuView.xib; sourceTree = "<group>"; };
		B888EA881475D3FF0086C127 /* rockBg.png */ = {isa = PBXFileReference; lastKnownFileType = image.png; path = rockBg.png; sourceTree = "<group>"; };
		B888EA8A1475D6240086C127 /* MainLogo.png */ = {isa = PBXFileReference; lastKnownFileType = image.png; path = MainLogo.png; sourceTree = "<group>"; };
		B888EA901475D9030086C127 /* NSF_Logo.PNG */ = {isa = PBXFileReference; lastKnownFileType = image.png; path = NSF_Logo.PNG; sourceTree = "<group>"; };
		B888EA921475DC3F0086C127 /* MainLogoW.png */ = {isa = PBXFileReference; lastKnownFileType = image.png; path = MainLogoW.png; sourceTree = "<group>"; };
		B888EA941475DD520086C127 /* AboutViewController.h */ = {isa = PBXFileReference; fileEncoding = 4; lastKnownFileType = sourcecode.c.h; path = AboutViewController.h; sourceTree = "<group>"; };
		B888EA951475DD530086C127 /* AboutViewController.m */ = {isa = PBXFileReference; fileEncoding = 4; lastKnownFileType = sourcecode.c.objc; path = AboutViewController.m; sourceTree = "<group>"; };
		B888EA971475DDD50086C127 /* AboutView.xib */ = {isa = PBXFileReference; fileEncoding = 4; lastKnownFileType = file.xib; path = AboutView.xib; sourceTree = "<group>"; };
		B8A36AB21471D81300E654D1 /* Default.png */ = {isa = PBXFileReference; lastKnownFileType = image.png; path = Default.png; sourceTree = "<group>"; };
		B8A36AB31471D81300E654D1 /* Default@2x.png */ = {isa = PBXFileReference; lastKnownFileType = image.png; path = "Default@2x.png"; sourceTree = "<group>"; };
		B8D1C2921475A92A00C6CDC2 /* fire.png */ = {isa = PBXFileReference; lastKnownFileType = image.png; path = fire.png; sourceTree = "<group>"; };
		B8D1C2931475A92A00C6CDC2 /* land.png */ = {isa = PBXFileReference; lastKnownFileType = image.png; path = land.png; sourceTree = "<group>"; };
/* End PBXFileReference section */

/* Begin PBXFrameworksBuildPhase section */
		65EDEAA11465CEB00009AC84 /* Frameworks */ = {
			isa = PBXFrameworksBuildPhase;
			buildActionMask = 2147483647;
			files = (
				65EDEAA91465CEB00009AC84 /* UIKit.framework in Frameworks */,
				65EDEAAB1465CEB00009AC84 /* Foundation.framework in Frameworks */,
				65EDEAAD1465CEB00009AC84 /* CoreGraphics.framework in Frameworks */,
			);
			runOnlyForDeploymentPostprocessing = 0;
		};
/* End PBXFrameworksBuildPhase section */

/* Begin PBXGroup section */
		659ABFDA147B719C00DE5485 /* Libraries */ = {
			isa = PBXGroup;
			children = (
				659ABFDF147B720400DE5485 /* JSONKit.h */,
				659ABFE0147B720400DE5485 /* JSONKit.m */,
				659ABFDC147B71B000DE5485 /* NSData+Base64.h */,
				659ABFDD147B71B000DE5485 /* NSData+Base64.m */,
			);
			name = Libraries;
			sourceTree = "<group>";
		};
		65EDEA991465CEB00009AC84 = {
			isa = PBXGroup;
			children = (
				65EDEAAE1465CEB00009AC84 /* mtlemmon_project */,
				65EDEAA71465CEB00009AC84 /* Frameworks */,
			);
			sourceTree = "<group>";
		};
		65EDEAA51465CEB00009AC84 /* Products */ = {
			isa = PBXGroup;
			children = (
				65EDEAA41465CEB00009AC84 /* mtlemmon_project.app */,
			);
			name = Products;
			path = ..;
			sourceTree = "<group>";
		};
		65EDEAA71465CEB00009AC84 /* Frameworks */ = {
			isa = PBXGroup;
			children = (
				65EDEAA81465CEB00009AC84 /* UIKit.framework */,
				65EDEAAA1465CEB00009AC84 /* Foundation.framework */,
				65EDEAAC1465CEB00009AC84 /* CoreGraphics.framework */,
			);
			name = Frameworks;
			sourceTree = "<group>";
		};
		65EDEAAE1465CEB00009AC84 /* mtlemmon_project */ = {
			isa = PBXGroup;
			children = (
				659ABFDA147B719C00DE5485 /* Libraries */,
				B888EA971475DDD50086C127 /* AboutView.xib */,
				650F0B081465EC0900978029 /* MountainMapView.xib */,
				B888EA821475C5E80086C127 /* MainMenuView.xib */,
				65A55D66146F13A000117BBC /* BearCanyonView.xib */,
				65EDEAB71465CEB00009AC84 /* MtlemmonAppDelegate.h */,
				65EDEAB81465CEB00009AC84 /* MtlemmonAppDelegate.m */,
				650F0B0B1465EC8C00978029 /* MountainMapViewController.h */,
				650F0B0C1465EC8C00978029 /* MountainMapViewController.m */,
				65F77B381469C7B90034CF49 /* BearCanyonViewController.h */,
				65F77B391469C7B90034CF49 /* BearCanyonViewController.m */,
				B888EA941475DD520086C127 /* AboutViewController.h */,
				B888EA951475DD530086C127 /* AboutViewController.m */,
				B888EA7E1475C4990086C127 /* MainMenuViewController.h */,
				B888EA7F1475C4990086C127 /* MainMenuViewController.m */,
				65F77B3C1469C7D20034CF49 /* InspirationRockViewController.h */,
				65F77B3D1469C7D20034CF49 /* InspirationRockViewController.m */,
				65F77B3F1469C7E60034CF49 /* WindyPointViewController.h */,
				65F77B401469C7E60034CF49 /* WindyPointViewController.m */,
				65F77B421469C7FF0034CF49 /* MolinoCanyonViewController.h */,
				65F77B431469C8000034CF49 /* MolinoCanyonViewController.m */,
				65EDEAA51465CEB00009AC84 /* Products */,
				65EDEAAF1465CEB00009AC84 /* Supporting Files */,
			);
			path = mtlemmon_project;
			sourceTree = "<group>";
		};
		65EDEAAF1465CEB00009AC84 /* Supporting Files */ = {
			isa = PBXGroup;
			children = (
				B82979EF1477200A0015ADC7 /* fireButton.png */,
				B812F10F147618B700115AC0 /* MainLogoTrans.png */,
				B888EA921475DC3F0086C127 /* MainLogoW.png */,
				B888EA901475D9030086C127 /* NSF_Logo.PNG */,
				B888EA8A1475D6240086C127 /* MainLogo.png */,
				B888EA881475D3FF0086C127 /* rockBg.png */,
				650F0B1D1465FB4800978029 /* Sky_Islands_Trip.png */,
				650F0B1A1465FB0200978029 /* Blue_Map_Pin_small.png */,
				B8D1C2921475A92A00C6CDC2 /* fire.png */,
				B8D1C2931475A92A00C6CDC2 /* land.png */,
				B8A36AB21471D81300E654D1 /* Default.png */,
				B8A36AB31471D81300E654D1 /* Default@2x.png */,
				B84AE692147218F100F5D0C7 /* LogoSmall.png */,
				B84AE690147218C600F5D0C7 /* LogoLarge.png */,
				65EDEAB01465CEB00009AC84 /* mtlemmon_project-Info.plist */,
				65EDEAB11465CEB00009AC84 /* InfoPlist.strings */,
				65EDEAB41465CEB00009AC84 /* main.m */,
				65EDEAB61465CEB00009AC84 /* mtlemmon_project-Prefix.pch */,
			);
			name = "Supporting Files";
			sourceTree = "<group>";
		};
/* End PBXGroup section */

/* Begin PBXNativeTarget section */
		65EDEAA31465CEB00009AC84 /* mtlemmon_project */ = {
			isa = PBXNativeTarget;
			buildConfigurationList = 65EDEABC1465CEB00009AC84 /* Build configuration list for PBXNativeTarget "mtlemmon_project" */;
			buildPhases = (
				65EDEAA01465CEB00009AC84 /* Sources */,
				65EDEAA11465CEB00009AC84 /* Frameworks */,
				65EDEAA21465CEB00009AC84 /* Resources */,
			);
			buildRules = (
			);
			dependencies = (
			);
			name = mtlemmon_project;
			productName = mtlemmon_project;
			productReference = 65EDEAA41465CEB00009AC84 /* mtlemmon_project.app */;
			productType = "com.apple.product-type.application";
		};
/* End PBXNativeTarget section */

/* Begin PBXProject section */
		65EDEA9B1465CEB00009AC84 /* Project object */ = {
			isa = PBXProject;
			attributes = {
				LastUpgradeCheck = 0420;
			};
			buildConfigurationList = 65EDEA9E1465CEB00009AC84 /* Build configuration list for PBXProject "mtlemmon_project" */;
			compatibilityVersion = "Xcode 3.2";
			developmentRegion = English;
			hasScannedForEncodings = 0;
			knownRegions = (
				en,
			);
			mainGroup = 65EDEA991465CEB00009AC84;
			productRefGroup = 65EDEAA51465CEB00009AC84 /* Products */;
			projectDirPath = "";
			projectRoot = "";
			targets = (
				65EDEAA31465CEB00009AC84 /* mtlemmon_project */,
			);
		};
/* End PBXProject section */

/* Begin PBXResourcesBuildPhase section */
		65EDEAA21465CEB00009AC84 /* Resources */ = {
			isa = PBXResourcesBuildPhase;
			buildActionMask = 2147483647;
			files = (
				65EDEAB31465CEB00009AC84 /* InfoPlist.strings in Resources */,
				650F0B091465EC0900978029 /* MountainMapView.xib in Resources */,
				650F0B1B1465FB0200978029 /* Blue_Map_Pin_small.png in Resources */,
				650F0B1E1465FB4800978029 /* Sky_Islands_Trip.png in Resources */,
				65A55D67146F13A000117BBC /* BearCanyonView.xib in Resources */,
				B8A36AB41471D81300E654D1 /* Default.png in Resources */,
				B8A36AB51471D81300E654D1 /* Default@2x.png in Resources */,
				B84AE691147218C600F5D0C7 /* LogoLarge.png in Resources */,
				B84AE693147218F100F5D0C7 /* LogoSmall.png in Resources */,
				B8D1C2941475A92A00C6CDC2 /* fire.png in Resources */,
				B8D1C2951475A92A00C6CDC2 /* land.png in Resources */,
				B888EA831475C5E80086C127 /* MainMenuView.xib in Resources */,
				B888EA891475D3FF0086C127 /* rockBg.png in Resources */,
				B888EA8B1475D6250086C127 /* MainLogo.png in Resources */,
				B888EA911475D9030086C127 /* NSF_Logo.PNG in Resources */,
				B888EA931475DC400086C127 /* MainLogoW.png in Resources */,
				B888EA981475DDD60086C127 /* AboutView.xib in Resources */,
				B812F110147618B700115AC0 /* MainLogoTrans.png in Resources */,
				B82979F01477200A0015ADC7 /* fireButton.png in Resources */,
			);
			runOnlyForDeploymentPostprocessing = 0;
		};
/* End PBXResourcesBuildPhase section */

/* Begin PBXSourcesBuildPhase section */
		65EDEAA01465CEB00009AC84 /* Sources */ = {
			isa = PBXSourcesBuildPhase;
			buildActionMask = 2147483647;
			files = (
				65EDEAB51465CEB00009AC84 /* main.m in Sources */,
				65EDEAB91465CEB00009AC84 /* MtlemmonAppDelegate.m in Sources */,
				650F0B0D1465EC8C00978029 /* MountainMapViewController.m in Sources */,
				65F77B3A1469C7B90034CF49 /* BearCanyonViewController.m in Sources */,
				65F77B3E1469C7D20034CF49 /* InspirationRockViewController.m in Sources */,
				65F77B411469C7E60034CF49 /* WindyPointViewController.m in Sources */,
				65F77B441469C8000034CF49 /* MolinoCanyonViewController.m in Sources */,
				B888EA801475C4990086C127 /* MainMenuViewController.m in Sources */,
				B888EA961475DD530086C127 /* AboutViewController.m in Sources */,
				659ABFDE147B71B000DE5485 /* NSData+Base64.m in Sources */,
				659ABFE1147B720400DE5485 /* JSONKit.m in Sources */,
			);
			runOnlyForDeploymentPostprocessing = 0;
		};
/* End PBXSourcesBuildPhase section */

/* Begin PBXVariantGroup section */
		65EDEAB11465CEB00009AC84 /* InfoPlist.strings */ = {
			isa = PBXVariantGroup;
			children = (
				65EDEAB21465CEB00009AC84 /* en */,
			);
			name = InfoPlist.strings;
			sourceTree = "<group>";
		};
/* End PBXVariantGroup section */

/* Begin XCBuildConfiguration section */
		65EDEABA1465CEB00009AC84 /* Debug */ = {
			isa = XCBuildConfiguration;
			buildSettings = {
				ALWAYS_SEARCH_USER_PATHS = NO;
				ARCHS = "$(ARCHS_STANDARD_32_BIT)";
				"CODE_SIGN_IDENTITY[sdk=iphoneos*]" = "iPhone Developer";
				COPY_PHASE_STRIP = NO;
				GCC_C_LANGUAGE_STANDARD = gnu99;
				GCC_DYNAMIC_NO_PIC = NO;
				GCC_OPTIMIZATION_LEVEL = 0;
				GCC_PREPROCESSOR_DEFINITIONS = (
					"DEBUG=1",
					"$(inherited)",
				);
				GCC_SYMBOLS_PRIVATE_EXTERN = NO;
				GCC_VERSION = com.apple.compilers.llvm.clang.1_0;
				GCC_WARN_ABOUT_MISSING_PROTOTYPES = YES;
				GCC_WARN_ABOUT_RETURN_TYPE = YES;
				GCC_WARN_UNUSED_VARIABLE = YES;
				IPHONEOS_DEPLOYMENT_TARGET = 5.0;
				SDKROOT = iphoneos;
			};
			name = Debug;
		};
		65EDEABB1465CEB00009AC84 /* Release */ = {
			isa = XCBuildConfiguration;
			buildSettings = {
				ALWAYS_SEARCH_USER_PATHS = NO;
				ARCHS = "$(ARCHS_STANDARD_32_BIT)";
				"CODE_SIGN_IDENTITY[sdk=iphoneos*]" = "iPhone Developer";
				COPY_PHASE_STRIP = YES;
				GCC_C_LANGUAGE_STANDARD = gnu99;
				GCC_VERSION = com.apple.compilers.llvm.clang.1_0;
				GCC_WARN_ABOUT_MISSING_PROTOTYPES = YES;
				GCC_WARN_ABOUT_RETURN_TYPE = YES;
				GCC_WARN_UNUSED_VARIABLE = YES;
				IPHONEOS_DEPLOYMENT_TARGET = 5.0;
				OTHER_CFLAGS = "-DNS_BLOCK_ASSERTIONS=1";
				SDKROOT = iphoneos;
				VALIDATE_PRODUCT = YES;
			};
			name = Release;
		};
		65EDEABD1465CEB00009AC84 /* Debug */ = {
			isa = XCBuildConfiguration;
			buildSettings = {
				GCC_PRECOMPILE_PREFIX_HEADER = YES;
				GCC_PREFIX_HEADER = "mtlemmon_project/mtlemmon_project-Prefix.pch";
				INFOPLIST_FILE = "mtlemmon_project/mtlemmon_project-Info.plist";
				PRODUCT_NAME = "$(TARGET_NAME)";
				WRAPPER_EXTENSION = app;
			};
			name = Debug;
		};
		65EDEABE1465CEB00009AC84 /* Release */ = {
			isa = XCBuildConfiguration;
			buildSettings = {
				GCC_PRECOMPILE_PREFIX_HEADER = YES;
				GCC_PREFIX_HEADER = "mtlemmon_project/mtlemmon_project-Prefix.pch";
				INFOPLIST_FILE = "mtlemmon_project/mtlemmon_project-Info.plist";
				PRODUCT_NAME = "$(TARGET_NAME)";
				WRAPPER_EXTENSION = app;
			};
			name = Release;
		};
/* End XCBuildConfiguration section */

/* Begin XCConfigurationList section */
		65EDEA9E1465CEB00009AC84 /* Build configuration list for PBXProject "mtlemmon_project" */ = {
			isa = XCConfigurationList;
			buildConfigurations = (
				65EDEABA1465CEB00009AC84 /* Debug */,
				65EDEABB1465CEB00009AC84 /* Release */,
			);
			defaultConfigurationIsVisible = 0;
			defaultConfigurationName = Release;
		};
		65EDEABC1465CEB00009AC84 /* Build configuration list for PBXNativeTarget "mtlemmon_project" */ = {
			isa = XCConfigurationList;
			buildConfigurations = (
				65EDEABD1465CEB00009AC84 /* Debug */,
				65EDEABE1465CEB00009AC84 /* Release */,
			);
			defaultConfigurationIsVisible = 0;
			defaultConfigurationName = Release;
		};
/* End XCConfigurationList section */
	};
	rootObject = 65EDEA9B1465CEB00009AC84 /* Project object */;
}
